
Microsoft Visual Studio Solution File, Format Version 12.00
# Visual Studio Version 17
VisualStudioVersion = 17.4.33213.308
MinimumVisualStudioVersion = 10.0.40219.1
Project("{FAE04EC0-301F-11D3-BF4B-00C04F79EFBC}") = "PowerSpace", "PowerSpace.csproj", "{03063851-391C-42A1-BCC6-853003AFAD5A}"
EndProject
Global
	GlobalSection(SolutionConfigurationPlatforms) = preSolution
		Debug|Any CPU = Debug|Any CPU
		Release|Any CPU = Release|Any CPU
	EndGlobalSection
	GlobalSection(ProjectConfigurationPlatforms) = postSolution
		{03063851-391C-42A1-BCC6-853003AFAD5A}.Debug|Any CPU.ActiveCfg = Debug|Any CPU
		{03063851-391C-42A1-BCC6-853003AFAD5A}.Debug|Any CPU.Build.0 = Debug|Any CPU
		{03063851-391C-42A1-BCC6-853003AFAD5A}.Release|Any CPU.ActiveCfg = Release|Any CPU
		{03063851-391C-42A1-BCC6-853003AFAD5A}.Release|Any CPU.Build.0 = Release|Any CPU
	EndGlobalSection
	GlobalSection(SolutionProperties) = preSolution
		HideSolutionNode = FALSE
	EndGlobalSection
	GlobalSection(ExtensibilityGlobals) = postSolution
		SolutionGuid = {70F25CC1-8036-432E-BCBE-DD0D9548FE8B}
	EndGlobalSection
EndGlobal
